
Microsoft Visual Studio Solution File, Format Version 12.00
# Visual Studio 15
VisualStudioVersion = 15.0.28307.1062
MinimumVisualStudioVersion = 10.0.40219.1
Project("{8BC9CEB8-8B4A-11D0-8D11-00A0C91BC942}") = "QuantCode", "QuantCode\QuantCode.vcxproj", "{CC988C40-0113-402D-A485-3A24A73D0CAB}"
EndProject
Global
	GlobalSection(SolutionConfigurationPlatforms) = preSolution
		Debug|x64 = Debug|x64
		Debug|x86 = Debug|x86
		Release|x64 = Release|x64
		Release|x86 = Release|x86
	EndGlobalSection
	GlobalSection(ProjectConfigurationPlatforms) = postSolution
		{CC988C40-0113-402D-A485-3A24A73D0CAB}.Debug|x64.ActiveCfg = Debug|x64
		{CC988C40-0113-402D-A485-3A24A73D0CAB}.Debug|x64.Build.0 = Debug|x64
		{CC988C40-0113-402D-A485-3A24A73D0CAB}.Debug|x86.ActiveCfg = Debug|Win32
		{CC988C40-0113-402D-A485-3A24A73D0CAB}.Debug|x86.Build.0 = Debug|Win32
		{CC988C40-0113-402D-A485-3A24A73D0CAB}.Release|x64.ActiveCfg = Release|x64
		{CC988C40-0113-402D-A485-3A24A73D0CAB}.Release|x64.Build.0 = Release|x64
		{CC988C40-0113-402D-A485-3A24A73D0CAB}.Release|x86.ActiveCfg = Release|Win32
		{CC988C40-0113-402D-A485-3A24A73D0CAB}.Release|x86.Build.0 = Release|Win32
	EndGlobalSection
	GlobalSection(SolutionProperties) = preSolution
		HideSolutionNode = FALSE
	EndGlobalSection
	GlobalSection(ExtensibilityGlobals) = postSolution
		SolutionGuid = {DD74471D-0509-46A4-A132-452E9F33C522}
	EndGlobalSection
EndGlobal
